
Microsoft Visual Studio Solution File, Format Version 12.00
# Visual Studio Version 16
VisualStudioVersion = 16.0.31005.135
MinimumVisualStudioVersion = 10.0.40219.1
Project("{FAE04EC0-301F-11D3-BF4B-00C04F79EFBC}") = "WebApi", "WebApi\WebApi.csproj", "{AF34B74D-F1C3-4AC2-9A1C-0B58867E7F3B}"
EndProject
Global
	GlobalSection(SolutionConfigurationPlatforms) = preSolution
		Debug|Any CPU = Debug|Any CPU
		Release|Any CPU = Release|Any CPU
	EndGlobalSection
	GlobalSection(ProjectConfigurationPlatforms) = postSolution
		{AF34B74D-F1C3-4AC2-9A1C-0B58867E7F3B}.Debug|Any CPU.ActiveCfg = Debug|Any CPU
		{AF34B74D-F1C3-4AC2-9A1C-0B58867E7F3B}.Debug|Any CPU.Build.0 = Debug|Any CPU
		{AF34B74D-F1C3-4AC2-9A1C-0B58867E7F3B}.Release|Any CPU.ActiveCfg = Release|Any CPU
		{AF34B74D-F1C3-4AC2-9A1C-0B58867E7F3B}.Release|Any CPU.Build.0 = Release|Any CPU
	EndGlobalSection
	GlobalSection(SolutionProperties) = preSolution
		HideSolutionNode = FALSE
	EndGlobalSection
	GlobalSection(ExtensibilityGlobals) = postSolution
		SolutionGuid = {DBB7B5E0-CC49-4928-9204-688BDDAE06C6}
	EndGlobalSection
EndGlobal
